
Microsoft Visual Studio Solution File, Format Version 12.00
# Visual Studio 15
VisualStudioVersion = 15.0.28307.779
MinimumVisualStudioVersion = 10.0.40219.1
Project("{FAE04EC0-301F-11D3-BF4B-00C04F79EFBC}") = "JqueryAjaxOperations", "JqueryAjaxOperations\JqueryAjaxOperations.csproj", "{77D72158-DB77-412C-9F3E-1FD7E3CA78A8}"
EndProject
Global
	GlobalSection(SolutionConfigurationPlatforms) = preSolution
		Debug|Any CPU = Debug|Any CPU
		Release|Any CPU = Release|Any CPU
	EndGlobalSection
	GlobalSection(ProjectConfigurationPlatforms) = postSolution
		{77D72158-DB77-412C-9F3E-1FD7E3CA78A8}.Debug|Any CPU.ActiveCfg = Debug|Any CPU
		{77D72158-DB77-412C-9F3E-1FD7E3CA78A8}.Debug|Any CPU.Build.0 = Debug|Any CPU
		{77D72158-DB77-412C-9F3E-1FD7E3CA78A8}.Release|Any CPU.ActiveCfg = Release|Any CPU
		{77D72158-DB77-412C-9F3E-1FD7E3CA78A8}.Release|Any CPU.Build.0 = Release|Any CPU
	EndGlobalSection
	GlobalSection(SolutionProperties) = preSolution
		HideSolutionNode = FALSE
	EndGlobalSection
	GlobalSection(ExtensibilityGlobals) = postSolution
		SolutionGuid = {086B57F6-C320-4783-9B00-799E67BFA66C}
	EndGlobalSection
EndGlobal
